// !$*UTF8*$!
{
	archiveVersion = 1;
	classes = {
	};
	objectVersion = 63;
	objects = {

/* Begin PBXBuildFile section */
		07FDB5B82F35143B00EEB618 /* Launch Screen.storyboard in Resources */ = {isa = PBXBuildFile; fileRef = 07FDB5B72F35143B00EEB618 /* Launch Screen.storyboard */; };
		12E00C494CA73377817EAD83 /* ChiaFormatters.swift in Sources */ = {isa = PBXBuildFile; fileRef = 41BC269ABA778917FB3996A8 /* ChiaFormatters.swift */; };
		1413C5F7A24BE414456BCB3C /* ChiaCalculatorApp.swift in Sources */ = {isa = PBXBuildFile; fileRef = 21001A8B479A71C954CD82E4 /* ChiaCalculatorApp.swift */; };
		16D54AC2F54AE80412CE9F5F /* Localizable.strings in Resources */ = {isa = PBXBuildFile; fileRef = 27CF4A4CA2538EE7627D106A /* Localizable.strings */; };
		84470320D1444E67645BB7B3 /* ChiaCalculatorViewModel.swift in Sources */ = {isa = PBXBuildFile; fileRef = 9F27D5527881DC020D3BD256 /* ChiaCalculatorViewModel.swift */; };
		BF88932D764B865DB6D99BFE /* ContentView.swift in Sources */ = {isa = PBXBuildFile; fileRef = 0344FC9739383AC99ADFE7DA /* ContentView.swift */; };
		C7FE5FF4D29539EF1447327D /* ChiaCalculatorViewModelTests.swift in Sources */ = {isa = PBXBuildFile; fileRef = 8D13EE146CF1368B62DC2290 /* ChiaCalculatorViewModelTests.swift */; };
		C8813DB0ABE84DCE1828BB97 /* DerivedResponses.swift in Sources */ = {isa = PBXBuildFile; fileRef = B56FBE694FB580097CA57EC4 /* DerivedResponses.swift */; };
		CB924FD683C7A903D6337890 /* PoolStatsResponse.swift in Sources */ = {isa = PBXBuildFile; fileRef = 667316E094BB5DDAD32006C3 /* PoolStatsResponse.swift */; };
		D82CC8E3304AB757C58231A1 /* Assets in Resources */ = {isa = PBXBuildFile; fileRef = C59BAAB5DA343361145C9275 /* Assets */; };
/* End PBXBuildFile section */

/* Begin PBXContainerItemProxy section */
		E41FD134F9C2498D43DDF24E /* PBXContainerItemProxy */ = {
			isa = PBXContainerItemProxy;
			containerPortal = 5F9C98BC058D6C35CE9C2829 /* Project object */;
			proxyType = 1;
			remoteGlobalIDString = A9F9E256E313E405936D80A8;
			remoteInfo = ChiaCalculator;
		};
/* End PBXContainerItemProxy section */

/* Begin PBXFileReference section */
		0344FC9739383AC99ADFE7DA /* ContentView.swift */ = {isa = PBXFileReference; lastKnownFileType = sourcecode.swift; path = ContentView.swift; sourceTree = "<group>"; };
		07FDB5B72F35143B00EEB618 /* Launch Screen.storyboard */ = {isa = PBXFileReference; lastKnownFileType = file.storyboard; path = "Launch Screen.storyboard"; sourceTree = "<group>"; };
		21001A8B479A71C954CD82E4 /* ChiaCalculatorApp.swift */ = {isa = PBXFileReference; lastKnownFileType = sourcecode.swift; path = ChiaCalculatorApp.swift; sourceTree = "<group>"; };
		41BC269ABA778917FB3996A8 /* ChiaFormatters.swift */ = {isa = PBXFileReference; lastKnownFileType = sourcecode.swift; path = ChiaFormatters.swift; sourceTree = "<group>"; };
		4C898E84A883869F763C40F8 /* en */ = {isa = PBXFileReference; lastKnownFileType = text.plist.strings; name = en; path = en.lproj/Localizable.strings; sourceTree = "<group>"; };
		5F918BAF6674A25024D61CD5 /* fr */ = {isa = PBXFileReference; lastKnownFileType = text.plist.strings; name = fr; path = fr.lproj/Localizable.strings; sourceTree = "<group>"; };
		667316E094BB5DDAD32006C3 /* PoolStatsResponse.swift */ = {isa = PBXFileReference; lastKnownFileType = sourcecode.swift; path = PoolStatsResponse.swift; sourceTree = "<group>"; };
		6B1745BDB80830CD5B1FBF4C /* es */ = {isa = PBXFileReference; lastKnownFileType = text.plist.strings; name = es; path = es.lproj/Localizable.strings; sourceTree = "<group>"; };
		7DE067B83D3836070FF756A3 /* ChiaCalculator.app */ = {isa = PBXFileReference; explicitFileType = wrapper.application; includeInIndex = 0; path = ChiaCalculator.app; sourceTree = BUILT_PRODUCTS_DIR; };
		8D13EE146CF1368B62DC2290 /* ChiaCalculatorViewModelTests.swift */ = {isa = PBXFileReference; lastKnownFileType = sourcecode.swift; path = ChiaCalculatorViewModelTests.swift; sourceTree = "<group>"; };
		91F7E7F558D52842FE19A649 /* ca */ = {isa = PBXFileReference; lastKnownFileType = text.plist.strings; name = ca; path = ca.lproj/Localizable.strings; sourceTree = "<group>"; };
		9F27D5527881DC020D3BD256 /* ChiaCalculatorViewModel.swift */ = {isa = PBXFileReference; lastKnownFileType = sourcecode.swift; path = ChiaCalculatorViewModel.swift; sourceTree = "<group>"; };
		A59D347AA8448079932125D5 /* ChiaCalculatorTests.xctest */ = {isa = PBXFileReference; includeInIndex = 0; lastKnownFileType = wrapper.cfbundle; path = ChiaCalculatorTests.xctest; sourceTree = BUILT_PRODUCTS_DIR; };
		B56FBE694FB580097CA57EC4 /* DerivedResponses.swift */ = {isa = PBXFileReference; lastKnownFileType = sourcecode.swift; path = DerivedResponses.swift; sourceTree = "<group>"; };
		C59BAAB5DA343361145C9275 /* Assets */ = {isa = PBXFileReference; lastKnownFileType = folder.assetcatalog; name = Assets; path = Assets.xcassets; sourceTree = "<group>"; };
		EF5AAC25BA7350C050B64F66 /* de */ = {isa = PBXFileReference; lastKnownFileType = text.plist.strings; name = de; path = de.lproj/Localizable.strings; sourceTree = "<group>"; };
/* End PBXFileReference section */

/* Begin PBXGroup section */
		2D299FD1DD2A3985384F54C9 /* Models */ = {
			isa = PBXGroup;
			children = (
				B56FBE694FB580097CA57EC4 /* DerivedResponses.swift */,
				667316E094BB5DDAD32006C3 /* PoolStatsResponse.swift */,
			);
			path = Models;
			sourceTree = "<group>";
		};
		3C57DC1DC3442DB281692457 = {
			isa = PBXGroup;
			children = (
				07FDB5B72F35143B00EEB618 /* Launch Screen.storyboard */,
				C59BAAB5DA343361145C9275 /* Assets */,
				546C34A04584AD72A5382F67 /* Localization */,
				B89E8D6C9D9B97B20B0A85C0 /* Sources */,
				C88021CBA9C00F3C26158527 /* Tests */,
				6A8DF811FE4CC4BC8B9B7499 /* Products */,
			);
			sourceTree = "<group>";
		};
		546C34A04584AD72A5382F67 /* Localization */ = {
			isa = PBXGroup;
			children = (
				27CF4A4CA2538EE7627D106A /* Localizable.strings */,
			);
			path = Localization;
			sourceTree = "<group>";
		};
		6A8DF811FE4CC4BC8B9B7499 /* Products */ = {
			isa = PBXGroup;
			children = (
				7DE067B83D3836070FF756A3 /* ChiaCalculator.app */,
				A59D347AA8448079932125D5 /* ChiaCalculatorTests.xctest */,
			);
			name = Products;
			sourceTree = "<group>";
		};
		B89E8D6C9D9B97B20B0A85C0 /* Sources */ = {
			isa = PBXGroup;
			children = (
				21001A8B479A71C954CD82E4 /* ChiaCalculatorApp.swift */,
				9F27D5527881DC020D3BD256 /* ChiaCalculatorViewModel.swift */,
				41BC269ABA778917FB3996A8 /* ChiaFormatters.swift */,
				0344FC9739383AC99ADFE7DA /* ContentView.swift */,
				2D299FD1DD2A3985384F54C9 /* Models */,
			);
			path = Sources;
			sourceTree = "<group>";
		};
		C88021CBA9C00F3C26158527 /* Tests */ = {
			isa = PBXGroup;
			children = (
				8D13EE146CF1368B62DC2290 /* ChiaCalculatorViewModelTests.swift */,
			);
			path = Tests;
			sourceTree = "<group>";
		};
/* End PBXGroup section */

/* Begin PBXNativeTarget section */
		08CD7FACE1155B76A3E3908D /* ChiaCalculatorTests */ = {
			isa = PBXNativeTarget;
			buildConfigurationList = 2B64E30BFE0A8EF2D22DC93F /* Build configuration list for PBXNativeTarget "ChiaCalculatorTests" */;
			buildPhases = (
				80EC3305C95E1759148A3B1D /* Sources */,
			);
			buildRules = (
			);
			dependencies = (
				92C1CA9D6F2F0FF0398F1476 /* PBXTargetDependency */,
			);
			name = ChiaCalculatorTests;
			packageProductDependencies = (
			);
			productName = ChiaCalculatorTests;
			productReference = A59D347AA8448079932125D5 /* ChiaCalculatorTests.xctest */;
			productType = "com.apple.product-type.bundle.unit-test";
		};
		A9F9E256E313E405936D80A8 /* ChiaCalculator */ = {
			isa = PBXNativeTarget;
			buildConfigurationList = B3A4D7420BCBFCF99D4B7182 /* Build configuration list for PBXNativeTarget "ChiaCalculator" */;
			buildPhases = (
				495D372C5A150A10B19C9B99 /* Sources */,
				03D24CE6E062A07CCB55FF43 /* Resources */,
			);
			buildRules = (
			);
			dependencies = (
			);
			name = ChiaCalculator;
			packageProductDependencies = (
			);
			productName = ChiaCalculator;
			productReference = 7DE067B83D3836070FF756A3 /* ChiaCalculator.app */;
			productType = "com.apple.product-type.application";
		};
/* End PBXNativeTarget section */

/* Begin PBXProject section */
		5F9C98BC058D6C35CE9C2829 /* Project object */ = {
			isa = PBXProject;
			attributes = {
				BuildIndependentTargetsInParallel = YES;
				LastUpgradeCheck = 1430;
				TargetAttributes = {
					08CD7FACE1155B76A3E3908D = {
						DevelopmentTeam = "";
						ProvisioningStyle = Automatic;
					};
					A9F9E256E313E405936D80A8 = {
						ProvisioningStyle = Automatic;
					};
				};
			};
			buildConfigurationList = 5B53DDAA141AD715AAFC3333 /* Build configuration list for PBXProject "ChiaCalculator" */;
			compatibilityVersion = "Xcode 14.0";
			developmentRegion = en;
			hasScannedForEncodings = 0;
			knownRegions = (
				Base,
				ca,
				de,
				en,
				es,
				fr,
			);
			mainGroup = 3C57DC1DC3442DB281692457;
			minimizedProjectReferenceProxies = 1;
			projectDirPath = "";
			projectRoot = "";
			targets = (
				A9F9E256E313E405936D80A8 /* ChiaCalculator */,
				08CD7FACE1155B76A3E3908D /* ChiaCalculatorTests */,
			);
		};
/* End PBXProject section */

/* Begin PBXResourcesBuildPhase section */
		03D24CE6E062A07CCB55FF43 /* Resources */ = {
			isa = PBXResourcesBuildPhase;
			buildActionMask = 2147483647;
			files = (
				07FDB5B82F35143B00EEB618 /* Launch Screen.storyboard in Resources */,
				D82CC8E3304AB757C58231A1 /* Assets in Resources */,
				16D54AC2F54AE80412CE9F5F /* Localizable.strings in Resources */,
			);
			runOnlyForDeploymentPostprocessing = 0;
		};
/* End PBXResourcesBuildPhase section */

/* Begin PBXSourcesBuildPhase section */
		495D372C5A150A10B19C9B99 /* Sources */ = {
			isa = PBXSourcesBuildPhase;
			buildActionMask = 2147483647;
			files = (
				1413C5F7A24BE414456BCB3C /* ChiaCalculatorApp.swift in Sources */,
				84470320D1444E67645BB7B3 /* ChiaCalculatorViewModel.swift in Sources */,
				12E00C494CA73377817EAD83 /* ChiaFormatters.swift in Sources */,
				BF88932D764B865DB6D99BFE /* ContentView.swift in Sources */,
				C8813DB0ABE84DCE1828BB97 /* DerivedResponses.swift in Sources */,
				CB924FD683C7A903D6337890 /* PoolStatsResponse.swift in Sources */,
			);
			runOnlyForDeploymentPostprocessing = 0;
		};
		80EC3305C95E1759148A3B1D /* Sources */ = {
			isa = PBXSourcesBuildPhase;
			buildActionMask = 2147483647;
			files = (
				C7FE5FF4D29539EF1447327D /* ChiaCalculatorViewModelTests.swift in Sources */,
			);
			runOnlyForDeploymentPostprocessing = 0;
		};
/* End PBXSourcesBuildPhase section */

/* Begin PBXTargetDependency section */
		92C1CA9D6F2F0FF0398F1476 /* PBXTargetDependency */ = {
			isa = PBXTargetDependency;
			target = A9F9E256E313E405936D80A8 /* ChiaCalculator */;
			targetProxy = E41FD134F9C2498D43DDF24E /* PBXContainerItemProxy */;
		};
/* End PBXTargetDependency section */

/* Begin PBXVariantGroup section */
		27CF4A4CA2538EE7627D106A /* Localizable.strings */ = {
			isa = PBXVariantGroup;
			children = (
				91F7E7F558D52842FE19A649 /* ca */,
				EF5AAC25BA7350C050B64F66 /* de */,
				4C898E84A883869F763C40F8 /* en */,
				6B1745BDB80830CD5B1FBF4C /* es */,
				5F918BAF6674A25024D61CD5 /* fr */,
			);
			name = Localizable.strings;
			sourceTree = "<group>";
		};
/* End PBXVariantGroup section */

/* Begin XCBuildConfiguration section */
		03BBE3931B1AC1635C9062E6 /* Release */ = {
			isa = XCBuildConfiguration;
			buildSettings = {
				ALWAYS_SEARCH_USER_PATHS = NO;
				CLANG_ANALYZER_NONNULL = YES;
				CLANG_ANALYZER_NUMBER_OBJECT_CONVERSION = YES_AGGRESSIVE;
				CLANG_CXX_LANGUAGE_STANDARD = "gnu++14";
				CLANG_CXX_LIBRARY = "libc++";
				CLANG_ENABLE_MODULES = YES;
				CLANG_ENABLE_OBJC_ARC = YES;
				CLANG_ENABLE_OBJC_WEAK = YES;
				CLANG_WARN_BLOCK_CAPTURE_AUTORELEASING = YES;
				CLANG_WARN_BOOL_CONVERSION = YES;
				CLANG_WARN_COMMA = YES;
				CLANG_WARN_CONSTANT_CONVERSION = YES;
				CLANG_WARN_DEPRECATED_OBJC_IMPLEMENTATIONS = YES;
				CLANG_WARN_DIRECT_OBJC_ISA_USAGE = YES_ERROR;
				CLANG_WARN_DOCUMENTATION_COMMENTS = YES;
				CLANG_WARN_EMPTY_BODY = YES;
				CLANG_WARN_ENUM_CONVERSION = YES;
				CLANG_WARN_INFINITE_RECURSION = YES;
				CLANG_WARN_INT_CONVERSION = YES;
				CLANG_WARN_NON_LITERAL_NULL_CONVERSION = YES;
				CLANG_WARN_OBJC_IMPLICIT_RETAIN_SELF = YES;
				CLANG_WARN_OBJC_LITERAL_CONVERSION = YES;
				CLANG_WARN_OBJC_ROOT_CLASS = YES_ERROR;
				CLANG_WARN_QUOTED_INCLUDE_IN_FRAMEWORK_HEADER = YES;
				CLANG_WARN_RANGE_LOOP_ANALYSIS = YES;
				CLANG_WARN_STRICT_PROTOTYPES = YES;
				CLANG_WARN_SUSPICIOUS_MOVE = YES;
				CLANG_WARN_UNGUARDED_AVAILABILITY = YES_AGGRESSIVE;
				CLANG_WARN_UNREACHABLE_CODE = YES;
				CLANG_WARN__DUPLICATE_METHOD_MATCH = YES;
				CODE_SIGN_STYLE = Automatic;
				COPY_PHASE_STRIP = NO;
				DEBUG_INFORMATION_FORMAT = "dwarf-with-dsym";
				DEVELOPMENT_TEAM = "";
				ENABLE_NS_ASSERTIONS = NO;
				ENABLE_STRICT_OBJC_MSGSEND = YES;
				GCC_C_LANGUAGE_STANDARD = gnu11;
				GCC_NO_COMMON_BLOCKS = YES;
				GCC_WARN_64_TO_32_BIT_CONVERSION = YES;
				GCC_WARN_ABOUT_RETURN_TYPE = YES_ERROR;
				GCC_WARN_UNDECLARED_SELECTOR = YES;
				GCC_WARN_UNINITIALIZED_AUTOS = YES_AGGRESSIVE;
				GCC_WARN_UNUSED_FUNCTION = YES;
				GCC_WARN_UNUSED_VARIABLE = YES;
				GENERATE_INFOPLIST_FILE = YES;
				INFOPLIST_KEY_CFBundleDisplayName = "Chia Calculator";
				INFOPLIST_KEY_UILaunchScreen_Generation = YES;
				INFOPLIST_KEY_UISupportedInterfaceOrientations_iPad = "UIInterfaceOrientationPortrait UIInterfaceOrientationPortraitUpsideDown UIInterfaceOrientationLandscapeLeft UIInterfaceOrientationLandscapeRight";
				INFOPLIST_KEY_UISupportedInterfaceOrientations_iPhone = "UIInterfaceOrientationPortrait UIInterfaceOrientationLandscapeLeft UIInterfaceOrientationLandscapeRight";
				IPHONEOS_DEPLOYMENT_TARGET = 17.0;
				MTL_ENABLE_DEBUG_INFO = NO;
				MTL_FAST_MATH = YES;
				PRODUCT_BUNDLE_IDENTIFIER = com.example.chiacalculator;
				PRODUCT_NAME = "$(TARGET_NAME)";
				SDKROOT = iphoneos;
				SWIFT_COMPILATION_MODE = wholemodule;
				SWIFT_OPTIMIZATION_LEVEL = "-O";
				SWIFT_VERSION = 5.1;
				TARGETED_DEVICE_FAMILY = "1,2";
			};
			name = Release;
		};
		099331D2164BC2BFEA698BC7 /* Debug */ = {
			isa = XCBuildConfiguration;
			buildSettings = {
				ALWAYS_SEARCH_USER_PATHS = NO;
				CLANG_ANALYZER_NONNULL = YES;
				CLANG_ANALYZER_NUMBER_OBJECT_CONVERSION = YES_AGGRESSIVE;
				CLANG_CXX_LANGUAGE_STANDARD = "gnu++14";
				CLANG_CXX_LIBRARY = "libc++";
				CLANG_ENABLE_MODULES = YES;
				CLANG_ENABLE_OBJC_ARC = YES;
				CLANG_ENABLE_OBJC_WEAK = YES;
				CLANG_WARN_BLOCK_CAPTURE_AUTORELEASING = YES;
				CLANG_WARN_BOOL_CONVERSION = YES;
				CLANG_WARN_COMMA = YES;
				CLANG_WARN_CONSTANT_CONVERSION = YES;
				CLANG_WARN_DEPRECATED_OBJC_IMPLEMENTATIONS = YES;
				CLANG_WARN_DIRECT_OBJC_ISA_USAGE = YES_ERROR;
				CLANG_WARN_DOCUMENTATION_COMMENTS = YES;
				CLANG_WARN_EMPTY_BODY = YES;
				CLANG_WARN_ENUM_CONVERSION = YES;
				CLANG_WARN_INFINITE_RECURSION = YES;
				CLANG_WARN_INT_CONVERSION = YES;
				CLANG_WARN_NON_LITERAL_NULL_CONVERSION = YES;
				CLANG_WARN_OBJC_IMPLICIT_RETAIN_SELF = YES;
				CLANG_WARN_OBJC_LITERAL_CONVERSION = YES;
				CLANG_WARN_OBJC_ROOT_CLASS = YES_ERROR;
				CLANG_WARN_QUOTED_INCLUDE_IN_FRAMEWORK_HEADER = YES;
				CLANG_WARN_RANGE_LOOP_ANALYSIS = YES;
				CLANG_WARN_STRICT_PROTOTYPES = YES;
				CLANG_WARN_SUSPICIOUS_MOVE = YES;
				CLANG_WARN_UNGUARDED_AVAILABILITY = YES_AGGRESSIVE;
				CLANG_WARN_UNREACHABLE_CODE = YES;
				CLANG_WARN__DUPLICATE_METHOD_MATCH = YES;
				CODE_SIGN_STYLE = Automatic;
				COPY_PHASE_STRIP = NO;
				DEBUG_INFORMATION_FORMAT = dwarf;
				DEVELOPMENT_TEAM = "";
				ENABLE_STRICT_OBJC_MSGSEND = YES;
				ENABLE_TESTABILITY = YES;
				GCC_C_LANGUAGE_STANDARD = gnu11;
				GCC_DYNAMIC_NO_PIC = NO;
				GCC_NO_COMMON_BLOCKS = YES;
				GCC_OPTIMIZATION_LEVEL = 0;
				GCC_PREPROCESSOR_DEFINITIONS = (
					"$(inherited)",
					"DEBUG=1",
				);
				GCC_WARN_64_TO_32_BIT_CONVERSION = YES;
				GCC_WARN_ABOUT_RETURN_TYPE = YES_ERROR;
				GCC_WARN_UNDECLARED_SELECTOR = YES;
				GCC_WARN_UNINITIALIZED_AUTOS = YES_AGGRESSIVE;
				GCC_WARN_UNUSED_FUNCTION = YES;
				GCC_WARN_UNUSED_VARIABLE = YES;
				GENERATE_INFOPLIST_FILE = YES;
				INFOPLIST_KEY_CFBundleDisplayName = "Chia Calculator";
				INFOPLIST_KEY_UILaunchScreen_Generation = YES;
				INFOPLIST_KEY_UISupportedInterfaceOrientations_iPad = "UIInterfaceOrientationPortrait UIInterfaceOrientationPortraitUpsideDown UIInterfaceOrientationLandscapeLeft UIInterfaceOrientationLandscapeRight";
				INFOPLIST_KEY_UISupportedInterfaceOrientations_iPhone = "UIInterfaceOrientationPortrait UIInterfaceOrientationLandscapeLeft UIInterfaceOrientationLandscapeRight";
				IPHONEOS_DEPLOYMENT_TARGET = 17.0;
				MTL_ENABLE_DEBUG_INFO = INCLUDE_SOURCE;
				MTL_FAST_MATH = YES;
				ONLY_ACTIVE_ARCH = YES;
				PRODUCT_BUNDLE_IDENTIFIER = com.example.chiacalculator;
				PRODUCT_NAME = "$(TARGET_NAME)";
				SDKROOT = iphoneos;
				SWIFT_ACTIVE_COMPILATION_CONDITIONS = DEBUG;
				SWIFT_OPTIMIZATION_LEVEL = "-Onone";
				SWIFT_VERSION = 5.1;
				TARGETED_DEVICE_FAMILY = "1,2";
			};
			name = Debug;
		};
		4917048405E1663A5DD50873 /* Release */ = {
			isa = XCBuildConfiguration;
			buildSettings = {
				ASSETCATALOG_COMPILER_APPICON_NAME = AppIcon;
				CODE_SIGN_IDENTITY = "Apple Development";
				CURRENT_PROJECT_VERSION = 1;
				DEVELOPMENT_TEAM = 4JALZNH8YW;
				INFOPLIST_KEY_CFBundleDisplayName = "Chia Calculator";
				INFOPLIST_KEY_LSApplicationCategoryType = "public.app-category.finance";
				INFOPLIST_KEY_UILaunchScreen_Generation = NO;
				INFOPLIST_KEY_UILaunchStoryboardName = "Launch Screen";
				INFOPLIST_KEY_UISupportedInterfaceOrientations = "UIInterfaceOrientationLandscapeLeft UIInterfaceOrientationLandscapeRight UIInterfaceOrientationPortrait UIInterfaceOrientationPortraitUpsideDown";
				INFOPLIST_KEY_UISupportedInterfaceOrientations_iPhone = "UIInterfaceOrientationPortrait UIInterfaceOrientationLandscapeLeft UIInterfaceOrientationLandscapeRight";
				LD_RUNPATH_SEARCH_PATHS = (
					"$(inherited)",
					"@executable_path/Frameworks",
				);
				MARKETING_VERSION = 1.0;
				PRODUCT_BUNDLE_IDENTIFIER = com.idreamstudios.chiacalculator;
				SDKROOT = iphoneos;
				TARGETED_DEVICE_FAMILY = "1,2";
			};
			name = Release;
		};
		95DE9927B44990221410B0A7 /* Debug */ = {
			isa = XCBuildConfiguration;
			buildSettings = {
				BUNDLE_LOADER = "$(TEST_HOST)";
				GENERATE_INFOPLIST_FILE = YES;
				LD_RUNPATH_SEARCH_PATHS = (
					"$(inherited)",
					"@executable_path/Frameworks",
					"@loader_path/Frameworks",
				);
				SDKROOT = iphoneos;
				SWIFT_VERSION = 5.1;
				TARGETED_DEVICE_FAMILY = "1,2";
				TEST_HOST = "$(BUILT_PRODUCTS_DIR)/ChiaCalculator.app/ChiaCalculator";
			};
			name = Debug;
		};
		B531CBE877F3EC4086C2C1D2 /* Release */ = {
			isa = XCBuildConfiguration;
			buildSettings = {
				BUNDLE_LOADER = "$(TEST_HOST)";
				GENERATE_INFOPLIST_FILE = YES;
				LD_RUNPATH_SEARCH_PATHS = (
					"$(inherited)",
					"@executable_path/Frameworks",
					"@loader_path/Frameworks",
				);
				SDKROOT = iphoneos;
				SWIFT_VERSION = 5.1;
				TARGETED_DEVICE_FAMILY = "1,2";
				TEST_HOST = "$(BUILT_PRODUCTS_DIR)/ChiaCalculator.app/ChiaCalculator";
			};
			name = Release;
		};
		D15183A8C5D0F6BAADCFCC15 /* Debug */ = {
			isa = XCBuildConfiguration;
			buildSettings = {
				ASSETCATALOG_COMPILER_APPICON_NAME = AppIcon;
				CODE_SIGN_IDENTITY = "Apple Development";
				CURRENT_PROJECT_VERSION = 1;
				DEVELOPMENT_TEAM = 4JALZNH8YW;
				INFOPLIST_KEY_CFBundleDisplayName = "Chia Calculator";
				INFOPLIST_KEY_LSApplicationCategoryType = "public.app-category.finance";
				INFOPLIST_KEY_UILaunchScreen_Generation = NO;
				INFOPLIST_KEY_UILaunchStoryboardName = "Launch Screen";
				INFOPLIST_KEY_UISupportedInterfaceOrientations = "UIInterfaceOrientationLandscapeLeft UIInterfaceOrientationLandscapeRight UIInterfaceOrientationPortrait UIInterfaceOrientationPortraitUpsideDown";
				INFOPLIST_KEY_UISupportedInterfaceOrientations_iPhone = "UIInterfaceOrientationPortrait UIInterfaceOrientationLandscapeLeft UIInterfaceOrientationLandscapeRight";
				LD_RUNPATH_SEARCH_PATHS = (
					"$(inherited)",
					"@executable_path/Frameworks",
				);
				MARKETING_VERSION = 1.0;
				PRODUCT_BUNDLE_IDENTIFIER = com.idreamstudios.chiacalculator;
				SDKROOT = iphoneos;
				TARGETED_DEVICE_FAMILY = "1,2";
			};
			name = Debug;
		};
/* End XCBuildConfiguration section */

/* Begin XCConfigurationList section */
		2B64E30BFE0A8EF2D22DC93F /* Build configuration list for PBXNativeTarget "ChiaCalculatorTests" */ = {
			isa = XCConfigurationList;
			buildConfigurations = (
				95DE9927B44990221410B0A7 /* Debug */,
				B531CBE877F3EC4086C2C1D2 /* Release */,
			);
			defaultConfigurationIsVisible = 0;
			defaultConfigurationName = Debug;
		};
		5B53DDAA141AD715AAFC3333 /* Build configuration list for PBXProject "ChiaCalculator" */ = {
			isa = XCConfigurationList;
			buildConfigurations = (
				099331D2164BC2BFEA698BC7 /* Debug */,
				03BBE3931B1AC1635C9062E6 /* Release */,
			);
			defaultConfigurationIsVisible = 0;
			defaultConfigurationName = Debug;
		};
		B3A4D7420BCBFCF99D4B7182 /* Build configuration list for PBXNativeTarget "ChiaCalculator" */ = {
			isa = XCConfigurationList;
			buildConfigurations = (
				D15183A8C5D0F6BAADCFCC15 /* Debug */,
				4917048405E1663A5DD50873 /* Release */,
			);
			defaultConfigurationIsVisible = 0;
			defaultConfigurationName = Debug;
		};
/* End XCConfigurationList section */
	};
	rootObject = 5F9C98BC058D6C35CE9C2829 /* Project object */;
}
